
Microsoft Visual Studio Solution File, Format Version 12.00
# Visual Studio Version 16
VisualStudioVersion = 16.0.32228.343
MinimumVisualStudioVersion = 10.0.40219.1
Project("{FAE04EC0-301F-11D3-BF4B-00C04F79EFBC}") = "Battleship", "Battleship\Battleship.csproj", "{733EE275-55D6-4F18-86E8-D94F88F90741}"
EndProject
Project("{FAE04EC0-301F-11D3-BF4B-00C04F79EFBC}") = "BattleshipsUnitTest", "BattleshipsUnitTest\BattleshipsUnitTest.csproj", "{924FF78B-D384-41CC-9B49-D0712ECEC311}"
EndProject
Global
	GlobalSection(SolutionConfigurationPlatforms) = preSolution
		Debug|Any CPU = Debug|Any CPU
		Release|Any CPU = Release|Any CPU
	EndGlobalSection
	GlobalSection(ProjectConfigurationPlatforms) = postSolution
		{733EE275-55D6-4F18-86E8-D94F88F90741}.Debug|Any CPU.ActiveCfg = Debug|Any CPU
		{733EE275-55D6-4F18-86E8-D94F88F90741}.Debug|Any CPU.Build.0 = Debug|Any CPU
		{733EE275-55D6-4F18-86E8-D94F88F90741}.Release|Any CPU.ActiveCfg = Release|Any CPU
		{733EE275-55D6-4F18-86E8-D94F88F90741}.Release|Any CPU.Build.0 = Release|Any CPU
		{924FF78B-D384-41CC-9B49-D0712ECEC311}.Debug|Any CPU.ActiveCfg = Debug|Any CPU
		{924FF78B-D384-41CC-9B49-D0712ECEC311}.Debug|Any CPU.Build.0 = Debug|Any CPU
		{924FF78B-D384-41CC-9B49-D0712ECEC311}.Release|Any CPU.ActiveCfg = Release|Any CPU
		{924FF78B-D384-41CC-9B49-D0712ECEC311}.Release|Any CPU.Build.0 = Release|Any CPU
	EndGlobalSection
	GlobalSection(SolutionProperties) = preSolution
		HideSolutionNode = FALSE
	EndGlobalSection
	GlobalSection(ExtensibilityGlobals) = postSolution
		SolutionGuid = {623FCF1D-0F33-4BD2-9D7C-EC785F6535E4}
	EndGlobalSection
EndGlobal
